
Microsoft Visual Studio Solution File, Format Version 12.00
# Visual Studio Version 16
VisualStudioVersion = 16.0.31129.286
MinimumVisualStudioVersion = 10.0.40219.1
Project("{FAE04EC0-301F-11D3-BF4B-00C04F79EFBC}") = "BackendEmployee", "BackendEmployee\BackendEmployee.csproj", "{EAE25F41-A8B0-4776-A000-1AAFFE0B96EF}"
EndProject
Global
	GlobalSection(SolutionConfigurationPlatforms) = preSolution
		Debug|Any CPU = Debug|Any CPU
		Release|Any CPU = Release|Any CPU
	EndGlobalSection
	GlobalSection(ProjectConfigurationPlatforms) = postSolution
		{EAE25F41-A8B0-4776-A000-1AAFFE0B96EF}.Debug|Any CPU.ActiveCfg = Debug|Any CPU
		{EAE25F41-A8B0-4776-A000-1AAFFE0B96EF}.Debug|Any CPU.Build.0 = Debug|Any CPU
		{EAE25F41-A8B0-4776-A000-1AAFFE0B96EF}.Release|Any CPU.ActiveCfg = Release|Any CPU
		{EAE25F41-A8B0-4776-A000-1AAFFE0B96EF}.Release|Any CPU.Build.0 = Release|Any CPU
	EndGlobalSection
	GlobalSection(SolutionProperties) = preSolution
		HideSolutionNode = FALSE
	EndGlobalSection
	GlobalSection(ExtensibilityGlobals) = postSolution
		SolutionGuid = {00E6757C-47ED-41FB-9B6B-7FD051DDB223}
	EndGlobalSection
EndGlobal
